{
  "name": "xstate-wait-for",
  "version": "1.0.0",
  "lockfileVersion": 1,
  "requires": true,
  "dependencies": {
    "jiti": {
      "version": "1.12.9",
      "resolved": "https://registry.npmjs.org/jiti/-/jiti-1.12.9.tgz",
      "integrity": "sha512-TdcJywkQtcwLxogc4rSMAi479G2eDPzfW0fLySks7TPhgZZ4s/tM6stnzayIh3gS/db3zExWJyUx4cNWrwAmoQ==",
      "dev": true
    }
  }
}
